{
  "name": "SneakPeek",
  "lockfileVersion": 3,
  "requires": true,
  "packages": {
    "": {
      "dependencies": {
        "jquery.fancymessenger": "^1.0.4"
      }
    },
    "node_modules/jquery.fancymessenger": {
      "version": "1.0.4",
      "resolved": "https://registry.npmjs.org/jquery.fancymessenger/-/jquery.fancymessenger-1.0.4.tgz",
      "integrity": "sha512-ua+MhyfybFG8nBxZkTXgRndE51EJ0Efg2uPl00Paf3Z30P4iomcYoSPqXDT5o7RgIWL/0A5Yneb27/3n4icApw=="
    }
  }
}
